{
  "name": "Ecommerce",
  "lockfileVersion": 3,
  "requires": true,
  "packages": {
    "": {
      "dependencies": {
        "fend": "^0.0.0",
        "react-router-dom": "^7.6.0"
      }
    },
    "node_modules/accepts": {
      "version": "1.0.7",
      "resolved": "https://registry.npmjs.org/accepts/-/accepts-1.0.7.tgz",
      "integrity": "sha512-iq8ew2zitUlNcUca0wye3fYwQ6sSPItDo38oC0R+XA5KTzeXRN+GF7NjOXs3dVItj4J+gQVdpq4/qbnMb1hMHw==",
      "dependencies": {
        "mime-types": "~1.0.0",
        "negotiator": "0.4.7"
      },
      "engines": {
        "node": ">= 0.8.0"
      }
    },
    "node_modules/co": {
      "version": "3.0.6",
      "resolved": "https://registry.npmjs.org/co/-/co-3.0.6.tgz",
      "integrity": "sha512-Vj29f/AYywpPtHPhN9YqC7yK+p3rfjv7l/mTu5iOtn89a7DdccD4MYQmfU6R9wGdLXwufDIV07+PjXM0taVKvw=="
    },
    "node_modules/cookie": {
      "version": "1.0.2",
      "resolved": "https://registry.npmjs.org/cookie/-/cookie-1.0.2.tgz",
      "integrity": "sha512-9Kr/j4O16ISv8zBBhJoi4bXOYNTkFLOqSL3UDB0njXxCXNezjeyVrJyGOWtgfs/q2km1gwBcfH8q1yEGoMYunA==",
      "engines": {
        "node": ">=18"
      }
    },
    "node_modules/cookies": {
      "version": "0.3.8",
      "resolved": "https://registry.npmjs.org/cookies/-/cookies-0.3.8.tgz",
      "integrity": "sha512-a7DXnY5vydaKY842BZy3CW1iG1uC4oLr2OdU9xsC8vYZPax6QXIphuh74EAcpYBvXExgPHHMXY1RNAOaH5Xtsw==",
      "engines": {
        "node": ">= 0.6.0"
      }
    },
    "node_modules/debug": {
      "version": "0.7.4",
      "resolved": "https://registry.npmjs.org/debug/-/debug-0.7.4.tgz",
      "integrity": "sha512-EohAb3+DSHSGx8carOSKJe8G0ayV5/i609OD0J2orCkuyae7SyZSz2aoLmQF2s0Pj5gITDebwPH7GFBlqOUQ1Q==",
      "engines": {
        "node": "*"
      }
    },
    "node_modules/fend": {
      "version": "0.0.0",
      "resolved": "https://registry.npmjs.org/fend/-/fend-0.0.0.tgz",
      "integrity": "sha512-4bJPlSZwMmRZH0k1rSEUPlqc/wLDQKx0ZUtNA6jRLZ4CHDyq1DVWuFdpR+Rv2XvL1iKnlqia41j/Y/NnmncuZA==",
      "dependencies": {
        "debug": "~0.7.3",
        "koa": "~0.2.0"
      },
      "engines": {
        "node": ">= 0.11.9"
      }
    },
    "node_modules/fresh": {
      "version": "0.2.4",
      "resolved": "https://registry.npmjs.org/fresh/-/fresh-0.2.4.tgz",
      "integrity": "sha512-mnBGgIFRNu54GtbkXy6+QKPYW/b5joAURorA8ELeJc/5BBNph6Go1NmHa9dt08ghFnhGuLenrUmNO8Za1CwEUQ==",
      "engines": {
        "node": ">= 0.6"
      }
    },
    "node_modules/keygrip": {
      "version": "1.0.3",
      "resolved": "https://registry.npmjs.org/keygrip/-/keygrip-1.0.3.tgz",
      "integrity": "sha512-/PpesirAIfaklxUzp4Yb7xBper9MwP6hNRA6BGGUFCgbJ+BM5CKBtsoxinNXkLHAr+GXS1/lSlF2rP7cv5Fl+g==",
      "engines": {
        "node": ">= 0.6"
      }
    },
    "node_modules/koa": {
      "version": "0.2.1",
      "resolved": "https://registry.npmjs.org/koa/-/koa-0.2.1.tgz",
      "integrity": "sha512-aQCPtpQ9ckPQJaUyX9bdoEaLPZRO6f17YYecLmZtivdvcb/Ou4is4CeYdw3+fTiGLw5WdHbjlBf+AxUl59YYOg==",
      "dependencies": {
        "accepts": "~1.0.0",
        "co": "~3.0.1",
        "cookies": "~0.3.7",
        "debug": "*",
        "fresh": "~0.2.0",
        "keygrip": "~1.0.0",
        "koa-compose": "~2.1.0",
        "mime": "~1.2.11",
        "on-socket-error": "~1.0.1",
        "type-is": "~1.0.0"
      },
      "engines": {
        "node": ">= 0.11.9"
      }
    },
    "node_modules/koa-compose": {
      "version": "2.1.0",
      "resolved": "https://registry.npmjs.org/koa-compose/-/koa-compose-2.1.0.tgz",
      "integrity": "sha512-EBJ5XYCweVuQiIBKrRGLD59OhshRB9thGdFIo/bFh/oNQgA3fFgre2iLg5X+WzWIN+IJHwcZ9HByXAHEtqLBlw==",
      "dependencies": {
        "debug": "*"
      }
    },
    "node_modules/mime": {
      "version": "1.2.11",
      "resolved": "https://registry.npmjs.org/mime/-/mime-1.2.11.tgz",
      "integrity": "sha512-Ysa2F/nqTNGHhhm9MV8ure4+Hc+Y8AWiqUdHxsO7xu8zc92ND9f3kpALHjaP026Ft17UfxrMt95c50PLUeynBw=="
    },
    "node_modules/mime-types": {
      "version": "1.0.2",
      "resolved": "https://registry.npmjs.org/mime-types/-/mime-types-1.0.2.tgz",
      "integrity": "sha512-echfutj/t5SoTL4WZpqjA1DCud1XO0WQF3/GJ48YBmc4ZMhCK77QA6Z/w6VTQERLKuJ4drze3kw2TUT8xZXVNw==",
      "engines": {
        "node": ">= 0.8.0"
      }
    },
    "node_modules/negotiator": {
      "version": "0.4.7",
      "resolved": "https://registry.npmjs.org/negotiator/-/negotiator-0.4.7.tgz",
      "integrity": "sha512-ujxWwyRfZ6udAgHGECQC3JDO9e6UAsuItfUMcqA0Xf2OLNQTveFVFx+fHGIJ5p0MJaJrZyGQqPwzuN0NxJzEKA==",
      "engines": {
        "node": "*"
      }
    },
    "node_modules/on-socket-error": {
      "version": "1.0.1",
      "resolved": "https://registry.npmjs.org/on-socket-error/-/on-socket-error-1.0.1.tgz",
      "integrity": "sha512-3gemt/VuozIlZhA6rw7X9vvuV45U+z1wvmZFU/Xw7KQJHVsnzxxYZyyoFWddUJ22EUlozqjLA54Nycsb2QuX+g=="
    },
    "node_modules/react": {
      "version": "19.1.0",
      "resolved": "https://registry.npmjs.org/react/-/react-19.1.0.tgz",
      "integrity": "sha512-FS+XFBNvn3GTAWq26joslQgWNoFu08F4kl0J4CgdNKADkdSGXQyTCnKteIAJy96Br6YbpEU1LSzV5dYtjMkMDg==",
      "peer": true,
      "engines": {
        "node": ">=0.10.0"
      }
    },
    "node_modules/react-dom": {
      "version": "19.1.0",
      "resolved": "https://registry.npmjs.org/react-dom/-/react-dom-19.1.0.tgz",
      "integrity": "sha512-Xs1hdnE+DyKgeHJeJznQmYMIBG3TKIHJJT95Q58nHLSrElKlGQqDTR2HQ9fx5CN/Gk6Vh/kupBTDLU11/nDk/g==",
      "peer": true,
      "dependencies": {
        "scheduler": "^0.26.0"
      },
      "peerDependencies": {
        "react": "^19.1.0"
      }
    },
    "node_modules/react-router": {
      "version": "7.6.0",
      "resolved": "https://registry.npmjs.org/react-router/-/react-router-7.6.0.tgz",
      "integrity": "sha512-GGufuHIVCJDbnIAXP3P9Sxzq3UUsddG3rrI3ut1q6m0FI6vxVBF3JoPQ38+W/blslLH4a5Yutp8drkEpXoddGQ==",
      "dependencies": {
        "cookie": "^1.0.1",
        "set-cookie-parser": "^2.6.0"
      },
      "engines": {
        "node": ">=20.0.0"
      },
      "peerDependencies": {
        "react": ">=18",
        "react-dom": ">=18"
      },
      "peerDependenciesMeta": {
        "react-dom": {
          "optional": true
        }
      }
    },
    "node_modules/react-router-dom": {
      "version": "7.6.0",
      "resolved": "https://registry.npmjs.org/react-router-dom/-/react-router-dom-7.6.0.tgz",
      "integrity": "sha512-DYgm6RDEuKdopSyGOWZGtDfSm7Aofb8CCzgkliTjtu/eDuB0gcsv6qdFhhi8HdtmA+KHkt5MfZ5K2PdzjugYsA==",
      "dependencies": {
        "react-router": "7.6.0"
      },
      "engines": {
        "node": ">=20.0.0"
      },
      "peerDependencies": {
        "react": ">=18",
        "react-dom": ">=18"
      }
    },
    "node_modules/scheduler": {
      "version": "0.26.0",
      "resolved": "https://registry.npmjs.org/scheduler/-/scheduler-0.26.0.tgz",
      "integrity": "sha512-NlHwttCI/l5gCPR3D1nNXtWABUmBwvZpEQiD4IXSbIDq8BzLIK/7Ir5gTFSGZDUu37K5cMNp0hFtzO38sC7gWA==",
      "peer": true
    },
    "node_modules/set-cookie-parser": {
      "version": "2.7.1",
      "resolved": "https://registry.npmjs.org/set-cookie-parser/-/set-cookie-parser-2.7.1.tgz",
      "integrity": "sha512-IOc8uWeOZgnb3ptbCURJWNjWUPcO3ZnTTdzsurqERrP6nPyv+paC55vJM0LpOlT2ne+Ix+9+CRG1MNLlyZ4GjQ=="
    },
    "node_modules/type-is": {
      "version": "1.0.1",
      "resolved": "https://registry.npmjs.org/type-is/-/type-is-1.0.1.tgz",
      "integrity": "sha512-YtjULaHVOJ8YVdHXp8YUIw+CI5rFjNz9wt/FvTrvbJt1OWXStWcrTrs9rzMeQSTfS7qCyBzpTArQqbelD72UyQ==",
      "dependencies": {
        "mime": "~1.2.11"
      }
    }
  }
}
